// !$*UTF8*$!
{
	archiveVersion = 1;
	classes = {
	};
	objectVersion = 46;
	objects = {

/* Begin PBXBuildFile section */
		20161CFB1EE095D500997AF6 /* WeakIBOutletSwiftRule.swift in Sources */ = {isa = PBXBuildFile; fileRef = 20161CFA1EE095D500997AF6 /* WeakIBOutletSwiftRule.swift */; };
		20161CFD1EE097AF00997AF6 /* SinglePublicInternalSwiftRule.swift in Sources */ = {isa = PBXBuildFile; fileRef = 20161CFC1EE097AF00997AF6 /* SinglePublicInternalSwiftRule.swift */; };
		20161D061EE09C8F00997AF6 /* FileType.swift in Sources */ = {isa = PBXBuildFile; fileRef = 20161D051EE09C8F00997AF6 /* FileType.swift */; };
		20161D081EE09EAE00997AF6 /* ProjectSettings.swift in Sources */ = {isa = PBXBuildFile; fileRef = 20161D071EE09EAE00997AF6 /* ProjectSettings.swift */; };
		20161D0A1EE0A04700997AF6 /* ForceUnwrapSwiftRule.swift in Sources */ = {isa = PBXBuildFile; fileRef = 20161D091EE0A04700997AF6 /* ForceUnwrapSwiftRule.swift */; };
		20161D0C1EE0B28A00997AF6 /* MarkUsageSwiftRule.swift in Sources */ = {isa = PBXBuildFile; fileRef = 20161D0B1EE0B28A00997AF6 /* MarkUsageSwiftRule.swift */; };
		20161D0E1EE0B53A00997AF6 /* SingleEnumCaseSwiftRule.swift in Sources */ = {isa = PBXBuildFile; fileRef = 20161D0D1EE0B53A00997AF6 /* SingleEnumCaseSwiftRule.swift */; };
		20161D101EE0B99B00997AF6 /* InternalModifierSwiftRule.swift in Sources */ = {isa = PBXBuildFile; fileRef = 20161D0F1EE0B99B00997AF6 /* InternalModifierSwiftRule.swift */; };
		20161D121EE0BE0400997AF6 /* TypeInferenceSwiftRule.swift in Sources */ = {isa = PBXBuildFile; fileRef = 20161D111EE0BE0400997AF6 /* TypeInferenceSwiftRule.swift */; };
		20161D141EE0C31000997AF6 /* FontEncapsulationSwiftRule.swift in Sources */ = {isa = PBXBuildFile; fileRef = 20161D131EE0C31000997AF6 /* FontEncapsulationSwiftRule.swift */; };
		20161D161EE0C56000997AF6 /* ColorEncapsulationSwiftRule.swift in Sources */ = {isa = PBXBuildFile; fileRef = 20161D151EE0C56000997AF6 /* ColorEncapsulationSwiftRule.swift */; };
		2053EE921EF4871900AAE36D /* AppDelegateSwiftRuleTests.swift in Sources */ = {isa = PBXBuildFile; fileRef = 2053EE911EF4871900AAE36D /* AppDelegateSwiftRuleTests.swift */; };
		2053EE9A1EF4882C00AAE36D /* AppDelegateSwiftRule_Clean.swift in Sources */ = {isa = PBXBuildFile; fileRef = 2053EE991EF4882C00AAE36D /* AppDelegateSwiftRule_Clean.swift */; };
		2053EE9D1EF4884C00AAE36D /* AppDelegateSwiftRule_Long.swift in Sources */ = {isa = PBXBuildFile; fileRef = 2053EE9C1EF4884C00AAE36D /* AppDelegateSwiftRule_Long.swift */; };
		2053EE9F1EF489E400AAE36D /* SwiftData.swift in Sources */ = {isa = PBXBuildFile; fileRef = 2053EE9E1EF489E400AAE36D /* SwiftData.swift */; };
		2053EEA11EF48AA300AAE36D /* AuditGrader.swift in Sources */ = {isa = PBXBuildFile; fileRef = 2053EEA01EF48AA300AAE36D /* AuditGrader.swift */; };
		2053EEB91EF4921B00AAE36D /* main.swift in Sources */ = {isa = PBXBuildFile; fileRef = 20C40C571ED8D47C00695CA7 /* main.swift */; };
		2053EEBA1EF4921B00AAE36D /* ProjectSettings.swift in Sources */ = {isa = PBXBuildFile; fileRef = 20161D071EE09EAE00997AF6 /* ProjectSettings.swift */; };
		2053EEBB1EF4921B00AAE36D /* ProjectData.swift in Sources */ = {isa = PBXBuildFile; fileRef = 206837A31EDE1D5D008CB7F3 /* ProjectData.swift */; };
		2053EEBC1EF4921B00AAE36D /* ProjectParser.swift in Sources */ = {isa = PBXBuildFile; fileRef = 206837A51EDE1E35008CB7F3 /* ProjectParser.swift */; };
		2053EEBD1EF4921B00AAE36D /* Constants.swift in Sources */ = {isa = PBXBuildFile; fileRef = 206837A71EDE20E5008CB7F3 /* Constants.swift */; };
		2053EEBE1EF4921B00AAE36D /* PIOSAudit.swift in Sources */ = {isa = PBXBuildFile; fileRef = 206837B31EDF0250008CB7F3 /* PIOSAudit.swift */; };
		2053EEBF1EF4921B00AAE36D /* AppDelegateSwiftRule.swift in Sources */ = {isa = PBXBuildFile; fileRef = 206837B01EDE2305008CB7F3 /* AppDelegateSwiftRule.swift */; };
		2053EEC01EF4921B00AAE36D /* RequiredSelfSwiftRule.swift in Sources */ = {isa = PBXBuildFile; fileRef = 20E414101EDF7FBD0000E447 /* RequiredSelfSwiftRule.swift */; };
		2053EEC11EF4921B00AAE36D /* SemiColonSwiftRule.swift in Sources */ = {isa = PBXBuildFile; fileRef = 20E414121EDF8C500000E447 /* SemiColonSwiftRule.swift */; };
		2053EEC21EF4921B00AAE36D /* FinalClassesSwiftRule.swift in Sources */ = {isa = PBXBuildFile; fileRef = 207F1DE21EE06BC200284498 /* FinalClassesSwiftRule.swift */; };
		2053EEC31EF4921B00AAE36D /* WeakIBOutletSwiftRule.swift in Sources */ = {isa = PBXBuildFile; fileRef = 20161CFA1EE095D500997AF6 /* WeakIBOutletSwiftRule.swift */; };
		2053EEC41EF4921B00AAE36D /* SinglePublicInternalSwiftRule.swift in Sources */ = {isa = PBXBuildFile; fileRef = 20161CFC1EE097AF00997AF6 /* SinglePublicInternalSwiftRule.swift */; };
		2053EEC51EF4921B00AAE36D /* ForceUnwrapSwiftRule.swift in Sources */ = {isa = PBXBuildFile; fileRef = 20161D091EE0A04700997AF6 /* ForceUnwrapSwiftRule.swift */; };
		2053EEC61EF4921B00AAE36D /* MarkUsageSwiftRule.swift in Sources */ = {isa = PBXBuildFile; fileRef = 20161D0B1EE0B28A00997AF6 /* MarkUsageSwiftRule.swift */; };
		2053EEC71EF4921B00AAE36D /* SingleEnumCaseSwiftRule.swift in Sources */ = {isa = PBXBuildFile; fileRef = 20161D0D1EE0B53A00997AF6 /* SingleEnumCaseSwiftRule.swift */; };
		2053EEC81EF4921B00AAE36D /* InternalModifierSwiftRule.swift in Sources */ = {isa = PBXBuildFile; fileRef = 20161D0F1EE0B99B00997AF6 /* InternalModifierSwiftRule.swift */; };
		2053EEC91EF4921B00AAE36D /* TypeInferenceSwiftRule.swift in Sources */ = {isa = PBXBuildFile; fileRef = 20161D111EE0BE0400997AF6 /* TypeInferenceSwiftRule.swift */; };
		2053EECA1EF4921B00AAE36D /* FontEncapsulationSwiftRule.swift in Sources */ = {isa = PBXBuildFile; fileRef = 20161D131EE0C31000997AF6 /* FontEncapsulationSwiftRule.swift */; };
		2053EECB1EF4921B00AAE36D /* ColorEncapsulationSwiftRule.swift in Sources */ = {isa = PBXBuildFile; fileRef = 20161D151EE0C56000997AF6 /* ColorEncapsulationSwiftRule.swift */; };
		2053EECC1EF4921B00AAE36D /* CompletionWeakSwiftRule.swift in Sources */ = {isa = PBXBuildFile; fileRef = 209696BF1EE9E52B0035C7AE /* CompletionWeakSwiftRule.swift */; };
		2053EECD1EF4921B00AAE36D /* ContextCheck.swift in Sources */ = {isa = PBXBuildFile; fileRef = 20E414031EDF7F370000E447 /* ContextCheck.swift */; };
		2053EECE1EF4921B00AAE36D /* BracketContextCheck.swift in Sources */ = {isa = PBXBuildFile; fileRef = 20E414051EDF7F480000E447 /* BracketContextCheck.swift */; };
		2053EECF1EF4921B00AAE36D /* SwiftRule.swift in Sources */ = {isa = PBXBuildFile; fileRef = 206837AB1EDE22C3008CB7F3 /* SwiftRule.swift */; };
		2053EED01EF4921B00AAE36D /* Audit.swift in Sources */ = {isa = PBXBuildFile; fileRef = 20E413FE1EDF41660000E447 /* Audit.swift */; };
		2053EED11EF4921B00AAE36D /* Check.swift in Sources */ = {isa = PBXBuildFile; fileRef = 20E4140E1EDF7FAA0000E447 /* Check.swift */; };
		2053EED21EF4921B00AAE36D /* SwiftData.swift in Sources */ = {isa = PBXBuildFile; fileRef = 2053EE9E1EF489E400AAE36D /* SwiftData.swift */; };
		2053EED31EF4921B00AAE36D /* AuditGrader.swift in Sources */ = {isa = PBXBuildFile; fileRef = 2053EEA01EF48AA300AAE36D /* AuditGrader.swift */; };
		2053EED41EF4921B00AAE36D /* GradeType.swift in Sources */ = {isa = PBXBuildFile; fileRef = 206837AE1EDE22E8008CB7F3 /* GradeType.swift */; };
		2053EED51EF4921B00AAE36D /* CodeRuleType.swift in Sources */ = {isa = PBXBuildFile; fileRef = 20E414001EDF41900000E447 /* CodeRuleType.swift */; };
		2053EED61EF4921B00AAE36D /* LineContext.swift in Sources */ = {isa = PBXBuildFile; fileRef = 20E4140C1EDF7F9B0000E447 /* LineContext.swift */; };
		2053EED71EF4921B00AAE36D /* FileType.swift in Sources */ = {isa = PBXBuildFile; fileRef = 20161D051EE09C8F00997AF6 /* FileType.swift */; };
		2053EED81EF4921B00AAE36D /* RulePriority.swift in Sources */ = {isa = PBXBuildFile; fileRef = 209696C11EE9F4270035C7AE /* RulePriority.swift */; };
		2053EED91EF4921B00AAE36D /* StringExtension.swift in Sources */ = {isa = PBXBuildFile; fileRef = 20E4140A1EDF7F8B0000E447 /* StringExtension.swift */; };
		2053EEDA1EF4921B00AAE36D /* NetworkRequester.swift in Sources */ = {isa = PBXBuildFile; fileRef = 2081734C1EEB25510077106A /* NetworkRequester.swift */; };
		2053EEDB1EF4921B00AAE36D /* APIEnvironment.swift in Sources */ = {isa = PBXBuildFile; fileRef = 2081734E1EEB27ED0077106A /* APIEnvironment.swift */; };
		2053EEDC1EF4921B00AAE36D /* Endpoints.swift in Sources */ = {isa = PBXBuildFile; fileRef = 208173501EEB27F90077106A /* Endpoints.swift */; };
		2053EEDD1EF4921B00AAE36D /* AuditScore.swift in Sources */ = {isa = PBXBuildFile; fileRef = 208173531EEB28E60077106A /* AuditScore.swift */; };
		206837A41EDE1D5D008CB7F3 /* ProjectData.swift in Sources */ = {isa = PBXBuildFile; fileRef = 206837A31EDE1D5D008CB7F3 /* ProjectData.swift */; };
		206837A61EDE1E35008CB7F3 /* ProjectParser.swift in Sources */ = {isa = PBXBuildFile; fileRef = 206837A51EDE1E35008CB7F3 /* ProjectParser.swift */; };
		206837A81EDE20E5008CB7F3 /* Constants.swift in Sources */ = {isa = PBXBuildFile; fileRef = 206837A71EDE20E5008CB7F3 /* Constants.swift */; };
		206837AC1EDE22C3008CB7F3 /* SwiftRule.swift in Sources */ = {isa = PBXBuildFile; fileRef = 206837AB1EDE22C3008CB7F3 /* SwiftRule.swift */; };
		206837AF1EDE22E8008CB7F3 /* GradeType.swift in Sources */ = {isa = PBXBuildFile; fileRef = 206837AE1EDE22E8008CB7F3 /* GradeType.swift */; };
		206837B11EDE2305008CB7F3 /* AppDelegateSwiftRule.swift in Sources */ = {isa = PBXBuildFile; fileRef = 206837B01EDE2305008CB7F3 /* AppDelegateSwiftRule.swift */; };
		206837B41EDF0250008CB7F3 /* PIOSAudit.swift in Sources */ = {isa = PBXBuildFile; fileRef = 206837B31EDF0250008CB7F3 /* PIOSAudit.swift */; };
		207F1DE31EE06BC200284498 /* FinalClassesSwiftRule.swift in Sources */ = {isa = PBXBuildFile; fileRef = 207F1DE21EE06BC200284498 /* FinalClassesSwiftRule.swift */; };
		2081734D1EEB25510077106A /* NetworkRequester.swift in Sources */ = {isa = PBXBuildFile; fileRef = 2081734C1EEB25510077106A /* NetworkRequester.swift */; };
		2081734F1EEB27ED0077106A /* APIEnvironment.swift in Sources */ = {isa = PBXBuildFile; fileRef = 2081734E1EEB27ED0077106A /* APIEnvironment.swift */; };
		208173511EEB27F90077106A /* Endpoints.swift in Sources */ = {isa = PBXBuildFile; fileRef = 208173501EEB27F90077106A /* Endpoints.swift */; };
		208173541EEB28E60077106A /* AuditScore.swift in Sources */ = {isa = PBXBuildFile; fileRef = 208173531EEB28E60077106A /* AuditScore.swift */; };
		209696C01EE9E52B0035C7AE /* CompletionWeakSwiftRule.swift in Sources */ = {isa = PBXBuildFile; fileRef = 209696BF1EE9E52B0035C7AE /* CompletionWeakSwiftRule.swift */; };
		209696C21EE9F4270035C7AE /* RulePriority.swift in Sources */ = {isa = PBXBuildFile; fileRef = 209696C11EE9F4270035C7AE /* RulePriority.swift */; };
		20C40C581ED8D47C00695CA7 /* main.swift in Sources */ = {isa = PBXBuildFile; fileRef = 20C40C571ED8D47C00695CA7 /* main.swift */; };
		20E413FF1EDF41660000E447 /* Audit.swift in Sources */ = {isa = PBXBuildFile; fileRef = 20E413FE1EDF41660000E447 /* Audit.swift */; };
		20E414011EDF41900000E447 /* CodeRuleType.swift in Sources */ = {isa = PBXBuildFile; fileRef = 20E414001EDF41900000E447 /* CodeRuleType.swift */; };
		20E414041EDF7F370000E447 /* ContextCheck.swift in Sources */ = {isa = PBXBuildFile; fileRef = 20E414031EDF7F370000E447 /* ContextCheck.swift */; };
		20E414061EDF7F480000E447 /* BracketContextCheck.swift in Sources */ = {isa = PBXBuildFile; fileRef = 20E414051EDF7F480000E447 /* BracketContextCheck.swift */; };
		20E4140B1EDF7F8B0000E447 /* StringExtension.swift in Sources */ = {isa = PBXBuildFile; fileRef = 20E4140A1EDF7F8B0000E447 /* StringExtension.swift */; };
		20E4140D1EDF7F9B0000E447 /* LineContext.swift in Sources */ = {isa = PBXBuildFile; fileRef = 20E4140C1EDF7F9B0000E447 /* LineContext.swift */; };
		20E4140F1EDF7FAA0000E447 /* Check.swift in Sources */ = {isa = PBXBuildFile; fileRef = 20E4140E1EDF7FAA0000E447 /* Check.swift */; };
		20E414111EDF7FBD0000E447 /* RequiredSelfSwiftRule.swift in Sources */ = {isa = PBXBuildFile; fileRef = 20E414101EDF7FBD0000E447 /* RequiredSelfSwiftRule.swift */; };
		20E414131EDF8C500000E447 /* SemiColonSwiftRule.swift in Sources */ = {isa = PBXBuildFile; fileRef = 20E414121EDF8C500000E447 /* SemiColonSwiftRule.swift */; };
/* End PBXBuildFile section */

/* Begin PBXContainerItemProxy section */
		2053EEA41EF48FBC00AAE36D /* PBXContainerItemProxy */ = {
			isa = PBXContainerItemProxy;
			containerPortal = 20C40C4C1ED8D47C00695CA7 /* Project object */;
			proxyType = 1;
			remoteGlobalIDString = 20C40C531ED8D47C00695CA7;
			remoteInfo = "Moulinette-2.0";
		};
/* End PBXContainerItemProxy section */

/* Begin PBXCopyFilesBuildPhase section */
		20C40C521ED8D47C00695CA7 /* CopyFiles */ = {
			isa = PBXCopyFilesBuildPhase;
			buildActionMask = 2147483647;
			dstPath = /usr/share/man/man1/;
			dstSubfolderSpec = 0;
			files = (
			);
			runOnlyForDeploymentPostprocessing = 1;
		};
/* End PBXCopyFilesBuildPhase section */

/* Begin PBXFileReference section */
		20161CFA1EE095D500997AF6 /* WeakIBOutletSwiftRule.swift */ = {isa = PBXFileReference; fileEncoding = 4; lastKnownFileType = sourcecode.swift; path = WeakIBOutletSwiftRule.swift; sourceTree = "<group>"; };
		20161CFC1EE097AF00997AF6 /* SinglePublicInternalSwiftRule.swift */ = {isa = PBXFileReference; fileEncoding = 4; lastKnownFileType = sourcecode.swift; path = SinglePublicInternalSwiftRule.swift; sourceTree = "<group>"; };
		20161D051EE09C8F00997AF6 /* FileType.swift */ = {isa = PBXFileReference; fileEncoding = 4; lastKnownFileType = sourcecode.swift; path = FileType.swift; sourceTree = "<group>"; };
		20161D071EE09EAE00997AF6 /* ProjectSettings.swift */ = {isa = PBXFileReference; fileEncoding = 4; lastKnownFileType = sourcecode.swift; path = ProjectSettings.swift; sourceTree = "<group>"; };
		20161D091EE0A04700997AF6 /* ForceUnwrapSwiftRule.swift */ = {isa = PBXFileReference; fileEncoding = 4; lastKnownFileType = sourcecode.swift; path = ForceUnwrapSwiftRule.swift; sourceTree = "<group>"; };
		20161D0B1EE0B28A00997AF6 /* MarkUsageSwiftRule.swift */ = {isa = PBXFileReference; fileEncoding = 4; lastKnownFileType = sourcecode.swift; path = MarkUsageSwiftRule.swift; sourceTree = "<group>"; };
		20161D0D1EE0B53A00997AF6 /* SingleEnumCaseSwiftRule.swift */ = {isa = PBXFileReference; fileEncoding = 4; lastKnownFileType = sourcecode.swift; path = SingleEnumCaseSwiftRule.swift; sourceTree = "<group>"; };
		20161D0F1EE0B99B00997AF6 /* InternalModifierSwiftRule.swift */ = {isa = PBXFileReference; fileEncoding = 4; lastKnownFileType = sourcecode.swift; path = InternalModifierSwiftRule.swift; sourceTree = "<group>"; };
		20161D111EE0BE0400997AF6 /* TypeInferenceSwiftRule.swift */ = {isa = PBXFileReference; fileEncoding = 4; lastKnownFileType = sourcecode.swift; path = TypeInferenceSwiftRule.swift; sourceTree = "<group>"; };
		20161D131EE0C31000997AF6 /* FontEncapsulationSwiftRule.swift */ = {isa = PBXFileReference; fileEncoding = 4; lastKnownFileType = sourcecode.swift; path = FontEncapsulationSwiftRule.swift; sourceTree = "<group>"; };
		20161D151EE0C56000997AF6 /* ColorEncapsulationSwiftRule.swift */ = {isa = PBXFileReference; fileEncoding = 4; lastKnownFileType = sourcecode.swift; path = ColorEncapsulationSwiftRule.swift; sourceTree = "<group>"; };
		2053EE881EF4862B00AAE36D /* Moulinette-2.0-Tests.xctest */ = {isa = PBXFileReference; explicitFileType = wrapper.cfbundle; includeInIndex = 0; path = "Moulinette-2.0-Tests.xctest"; sourceTree = BUILT_PRODUCTS_DIR; };
		2053EE8C1EF4862B00AAE36D /* Info.plist */ = {isa = PBXFileReference; lastKnownFileType = text.plist.xml; path = Info.plist; sourceTree = "<group>"; };
		2053EE911EF4871900AAE36D /* AppDelegateSwiftRuleTests.swift */ = {isa = PBXFileReference; fileEncoding = 4; lastKnownFileType = sourcecode.swift; path = AppDelegateSwiftRuleTests.swift; sourceTree = "<group>"; };
		2053EE991EF4882C00AAE36D /* AppDelegateSwiftRule_Clean.swift */ = {isa = PBXFileReference; fileEncoding = 4; lastKnownFileType = sourcecode.swift; path = AppDelegateSwiftRule_Clean.swift; sourceTree = "<group>"; };
		2053EE9C1EF4884C00AAE36D /* AppDelegateSwiftRule_Long.swift */ = {isa = PBXFileReference; fileEncoding = 4; lastKnownFileType = sourcecode.swift; path = AppDelegateSwiftRule_Long.swift; sourceTree = "<group>"; };
		2053EE9E1EF489E400AAE36D /* SwiftData.swift */ = {isa = PBXFileReference; fileEncoding = 4; lastKnownFileType = sourcecode.swift; path = SwiftData.swift; sourceTree = "<group>"; };
		2053EEA01EF48AA300AAE36D /* AuditGrader.swift */ = {isa = PBXFileReference; fileEncoding = 4; lastKnownFileType = sourcecode.swift; path = AuditGrader.swift; sourceTree = "<group>"; };
		206837A31EDE1D5D008CB7F3 /* ProjectData.swift */ = {isa = PBXFileReference; fileEncoding = 4; lastKnownFileType = sourcecode.swift; path = ProjectData.swift; sourceTree = "<group>"; };
		206837A51EDE1E35008CB7F3 /* ProjectParser.swift */ = {isa = PBXFileReference; fileEncoding = 4; lastKnownFileType = sourcecode.swift; path = ProjectParser.swift; sourceTree = "<group>"; };
		206837A71EDE20E5008CB7F3 /* Constants.swift */ = {isa = PBXFileReference; fileEncoding = 4; lastKnownFileType = sourcecode.swift; path = Constants.swift; sourceTree = "<group>"; };
		206837AB1EDE22C3008CB7F3 /* SwiftRule.swift */ = {isa = PBXFileReference; fileEncoding = 4; lastKnownFileType = sourcecode.swift; path = SwiftRule.swift; sourceTree = "<group>"; };
		206837AE1EDE22E8008CB7F3 /* GradeType.swift */ = {isa = PBXFileReference; fileEncoding = 4; lastKnownFileType = sourcecode.swift; path = GradeType.swift; sourceTree = "<group>"; };
		206837B01EDE2305008CB7F3 /* AppDelegateSwiftRule.swift */ = {isa = PBXFileReference; fileEncoding = 4; lastKnownFileType = sourcecode.swift; path = AppDelegateSwiftRule.swift; sourceTree = "<group>"; };
		206837B31EDF0250008CB7F3 /* PIOSAudit.swift */ = {isa = PBXFileReference; fileEncoding = 4; lastKnownFileType = sourcecode.swift; path = PIOSAudit.swift; sourceTree = "<group>"; };
		207F1DE21EE06BC200284498 /* FinalClassesSwiftRule.swift */ = {isa = PBXFileReference; fileEncoding = 4; lastKnownFileType = sourcecode.swift; path = FinalClassesSwiftRule.swift; sourceTree = "<group>"; };
		2081734C1EEB25510077106A /* NetworkRequester.swift */ = {isa = PBXFileReference; fileEncoding = 4; lastKnownFileType = sourcecode.swift; path = NetworkRequester.swift; sourceTree = "<group>"; };
		2081734E1EEB27ED0077106A /* APIEnvironment.swift */ = {isa = PBXFileReference; fileEncoding = 4; lastKnownFileType = sourcecode.swift; path = APIEnvironment.swift; sourceTree = "<group>"; };
		208173501EEB27F90077106A /* Endpoints.swift */ = {isa = PBXFileReference; fileEncoding = 4; lastKnownFileType = sourcecode.swift; path = Endpoints.swift; sourceTree = "<group>"; };
		208173531EEB28E60077106A /* AuditScore.swift */ = {isa = PBXFileReference; fileEncoding = 4; lastKnownFileType = sourcecode.swift; path = AuditScore.swift; sourceTree = "<group>"; };
		209696BF1EE9E52B0035C7AE /* CompletionWeakSwiftRule.swift */ = {isa = PBXFileReference; fileEncoding = 4; lastKnownFileType = sourcecode.swift; path = CompletionWeakSwiftRule.swift; sourceTree = "<group>"; };
		209696C11EE9F4270035C7AE /* RulePriority.swift */ = {isa = PBXFileReference; fileEncoding = 4; lastKnownFileType = sourcecode.swift; path = RulePriority.swift; sourceTree = "<group>"; };
		20C40C541ED8D47C00695CA7 /* Moulinette-2.0 */ = {isa = PBXFileReference; explicitFileType = "compiled.mach-o.executable"; includeInIndex = 0; path = "Moulinette-2.0"; sourceTree = BUILT_PRODUCTS_DIR; };
		20C40C571ED8D47C00695CA7 /* main.swift */ = {isa = PBXFileReference; lastKnownFileType = sourcecode.swift; path = main.swift; sourceTree = "<group>"; };
		20E413FE1EDF41660000E447 /* Audit.swift */ = {isa = PBXFileReference; fileEncoding = 4; lastKnownFileType = sourcecode.swift; path = Audit.swift; sourceTree = "<group>"; };
		20E414001EDF41900000E447 /* CodeRuleType.swift */ = {isa = PBXFileReference; fileEncoding = 4; lastKnownFileType = sourcecode.swift; path = CodeRuleType.swift; sourceTree = "<group>"; };
		20E414031EDF7F370000E447 /* ContextCheck.swift */ = {isa = PBXFileReference; fileEncoding = 4; lastKnownFileType = sourcecode.swift; path = ContextCheck.swift; sourceTree = "<group>"; };
		20E414051EDF7F480000E447 /* BracketContextCheck.swift */ = {isa = PBXFileReference; fileEncoding = 4; lastKnownFileType = sourcecode.swift; path = BracketContextCheck.swift; sourceTree = "<group>"; };
		20E4140A1EDF7F8B0000E447 /* StringExtension.swift */ = {isa = PBXFileReference; fileEncoding = 4; lastKnownFileType = sourcecode.swift; path = StringExtension.swift; sourceTree = "<group>"; };
		20E4140C1EDF7F9B0000E447 /* LineContext.swift */ = {isa = PBXFileReference; fileEncoding = 4; lastKnownFileType = sourcecode.swift; path = LineContext.swift; sourceTree = "<group>"; };
		20E4140E1EDF7FAA0000E447 /* Check.swift */ = {isa = PBXFileReference; fileEncoding = 4; lastKnownFileType = sourcecode.swift; path = Check.swift; sourceTree = "<group>"; };
		20E414101EDF7FBD0000E447 /* RequiredSelfSwiftRule.swift */ = {isa = PBXFileReference; fileEncoding = 4; lastKnownFileType = sourcecode.swift; path = RequiredSelfSwiftRule.swift; sourceTree = "<group>"; };
		20E414121EDF8C500000E447 /* SemiColonSwiftRule.swift */ = {isa = PBXFileReference; fileEncoding = 4; lastKnownFileType = sourcecode.swift; path = SemiColonSwiftRule.swift; sourceTree = "<group>"; };
/* End PBXFileReference section */

/* Begin PBXFrameworksBuildPhase section */
		2053EE851EF4862B00AAE36D /* Frameworks */ = {
			isa = PBXFrameworksBuildPhase;
			buildActionMask = 2147483647;
			files = (
			);
			runOnlyForDeploymentPostprocessing = 0;
		};
		20C40C511ED8D47C00695CA7 /* Frameworks */ = {
			isa = PBXFrameworksBuildPhase;
			buildActionMask = 2147483647;
			files = (
			);
			runOnlyForDeploymentPostprocessing = 0;
		};
/* End PBXFrameworksBuildPhase section */

/* Begin PBXGroup section */
		2053EE891EF4862B00AAE36D /* Moulinette-2.0-Tests */ = {
			isa = PBXGroup;
			children = (
				2053EE971EF487FA00AAE36D /* Mocks */,
				2053EE901EF486F500AAE36D /* Rules */,
				2053EE8C1EF4862B00AAE36D /* Info.plist */,
			);
			path = "Moulinette-2.0-Tests";
			sourceTree = "<group>";
		};
		2053EE901EF486F500AAE36D /* Rules */ = {
			isa = PBXGroup;
			children = (
				2053EE911EF4871900AAE36D /* AppDelegateSwiftRuleTests.swift */,
			);
			path = Rules;
			sourceTree = "<group>";
		};
		2053EE971EF487FA00AAE36D /* Mocks */ = {
			isa = PBXGroup;
			children = (
				2053EE981EF4880D00AAE36D /* AppDelegateMocks */,
			);
			path = Mocks;
			sourceTree = "<group>";
		};
		2053EE981EF4880D00AAE36D /* AppDelegateMocks */ = {
			isa = PBXGroup;
			children = (
				2053EE991EF4882C00AAE36D /* AppDelegateSwiftRule_Clean.swift */,
				2053EE9C1EF4884C00AAE36D /* AppDelegateSwiftRule_Long.swift */,
			);
			path = AppDelegateMocks;
			sourceTree = "<group>";
		};
		206837A91EDE22A8008CB7F3 /* Rules */ = {
			isa = PBXGroup;
			children = (
				206837B01EDE2305008CB7F3 /* AppDelegateSwiftRule.swift */,
				20E414101EDF7FBD0000E447 /* RequiredSelfSwiftRule.swift */,
				20E414121EDF8C500000E447 /* SemiColonSwiftRule.swift */,
				207F1DE21EE06BC200284498 /* FinalClassesSwiftRule.swift */,
				20161CFA1EE095D500997AF6 /* WeakIBOutletSwiftRule.swift */,
				20161CFC1EE097AF00997AF6 /* SinglePublicInternalSwiftRule.swift */,
				20161D091EE0A04700997AF6 /* ForceUnwrapSwiftRule.swift */,
				20161D0B1EE0B28A00997AF6 /* MarkUsageSwiftRule.swift */,
				20161D0D1EE0B53A00997AF6 /* SingleEnumCaseSwiftRule.swift */,
				20161D0F1EE0B99B00997AF6 /* InternalModifierSwiftRule.swift */,
				20161D111EE0BE0400997AF6 /* TypeInferenceSwiftRule.swift */,
				20161D131EE0C31000997AF6 /* FontEncapsulationSwiftRule.swift */,
				20161D151EE0C56000997AF6 /* ColorEncapsulationSwiftRule.swift */,
				209696BF1EE9E52B0035C7AE /* CompletionWeakSwiftRule.swift */,
			);
			path = Rules;
			sourceTree = "<group>";
		};
		206837AA1EDE22BB008CB7F3 /* Protocols */ = {
			isa = PBXGroup;
			children = (
				206837AB1EDE22C3008CB7F3 /* SwiftRule.swift */,
				20E413FE1EDF41660000E447 /* Audit.swift */,
				20E4140E1EDF7FAA0000E447 /* Check.swift */,
				2053EE9E1EF489E400AAE36D /* SwiftData.swift */,
				2053EEA01EF48AA300AAE36D /* AuditGrader.swift */,
			);
			path = Protocols;
			sourceTree = "<group>";
		};
		206837AD1EDE22DE008CB7F3 /* Enum */ = {
			isa = PBXGroup;
			children = (
				206837AE1EDE22E8008CB7F3 /* GradeType.swift */,
				20E414001EDF41900000E447 /* CodeRuleType.swift */,
				20E4140C1EDF7F9B0000E447 /* LineContext.swift */,
				20161D051EE09C8F00997AF6 /* FileType.swift */,
				209696C11EE9F4270035C7AE /* RulePriority.swift */,
			);
			path = Enum;
			sourceTree = "<group>";
		};
		206837B21EDF0244008CB7F3 /* Audits */ = {
			isa = PBXGroup;
			children = (
				206837B31EDF0250008CB7F3 /* PIOSAudit.swift */,
			);
			path = Audits;
			sourceTree = "<group>";
		};
		2081734B1EEB253E0077106A /* Networking */ = {
			isa = PBXGroup;
			children = (
				2081734C1EEB25510077106A /* NetworkRequester.swift */,
				2081734E1EEB27ED0077106A /* APIEnvironment.swift */,
				208173501EEB27F90077106A /* Endpoints.swift */,
			);
			path = Networking;
			sourceTree = "<group>";
		};
		208173521EEB28DA0077106A /* Model */ = {
			isa = PBXGroup;
			children = (
				208173531EEB28E60077106A /* AuditScore.swift */,
			);
			path = Model;
			sourceTree = "<group>";
		};
		20C40C4B1ED8D47C00695CA7 = {
			isa = PBXGroup;
			children = (
				20C40C561ED8D47C00695CA7 /* Moulinette-2.0 */,
				2053EE891EF4862B00AAE36D /* Moulinette-2.0-Tests */,
				20C40C551ED8D47C00695CA7 /* Products */,
			);
			sourceTree = "<group>";
		};
		20C40C551ED8D47C00695CA7 /* Products */ = {
			isa = PBXGroup;
			children = (
				20C40C541ED8D47C00695CA7 /* Moulinette-2.0 */,
				2053EE881EF4862B00AAE36D /* Moulinette-2.0-Tests.xctest */,
			);
			name = Products;
			sourceTree = "<group>";
		};
		20C40C561ED8D47C00695CA7 /* Moulinette-2.0 */ = {
			isa = PBXGroup;
			children = (
				20C40C571ED8D47C00695CA7 /* main.swift */,
				20161D071EE09EAE00997AF6 /* ProjectSettings.swift */,
				206837A31EDE1D5D008CB7F3 /* ProjectData.swift */,
				206837A51EDE1E35008CB7F3 /* ProjectParser.swift */,
				206837A71EDE20E5008CB7F3 /* Constants.swift */,
				206837B21EDF0244008CB7F3 /* Audits */,
				206837A91EDE22A8008CB7F3 /* Rules */,
				20E414021EDF7F2C0000E447 /* Checks */,
				206837AA1EDE22BB008CB7F3 /* Protocols */,
				206837AD1EDE22DE008CB7F3 /* Enum */,
				20E414071EDF7F6C0000E447 /* Extensions */,
				2081734B1EEB253E0077106A /* Networking */,
				208173521EEB28DA0077106A /* Model */,
			);
			path = "Moulinette-2.0";
			sourceTree = "<group>";
		};
		20E414021EDF7F2C0000E447 /* Checks */ = {
			isa = PBXGroup;
			children = (
				20E414031EDF7F370000E447 /* ContextCheck.swift */,
				20E414051EDF7F480000E447 /* BracketContextCheck.swift */,
			);
			path = Checks;
			sourceTree = "<group>";
		};
		20E414071EDF7F6C0000E447 /* Extensions */ = {
			isa = PBXGroup;
			children = (
				20E4140A1EDF7F8B0000E447 /* StringExtension.swift */,
			);
			path = Extensions;
			sourceTree = "<group>";
		};
/* End PBXGroup section */

/* Begin PBXNativeTarget section */
		2053EE871EF4862B00AAE36D /* Moulinette-2.0-Tests */ = {
			isa = PBXNativeTarget;
			buildConfigurationList = 2053EE8F1EF4862B00AAE36D /* Build configuration list for PBXNativeTarget "Moulinette-2.0-Tests" */;
			buildPhases = (
				2053EE841EF4862B00AAE36D /* Sources */,
				2053EE851EF4862B00AAE36D /* Frameworks */,
				2053EE861EF4862B00AAE36D /* Resources */,
			);
			buildRules = (
			);
			dependencies = (
				2053EEA51EF48FBC00AAE36D /* PBXTargetDependency */,
			);
			name = "Moulinette-2.0-Tests";
			productName = "Moulinette-2.0-Tests";
			productReference = 2053EE881EF4862B00AAE36D /* Moulinette-2.0-Tests.xctest */;
			productType = "com.apple.product-type.bundle.unit-test";
		};
		20C40C531ED8D47C00695CA7 /* Moulinette-2.0 */ = {
			isa = PBXNativeTarget;
			buildConfigurationList = 20C40C5B1ED8D47C00695CA7 /* Build configuration list for PBXNativeTarget "Moulinette-2.0" */;
			buildPhases = (
				20C40C501ED8D47C00695CA7 /* Sources */,
				20C40C511ED8D47C00695CA7 /* Frameworks */,
				20C40C521ED8D47C00695CA7 /* CopyFiles */,
			);
			buildRules = (
			);
			dependencies = (
			);
			name = "Moulinette-2.0";
			productName = "Moulinette-2.0";
			productReference = 20C40C541ED8D47C00695CA7 /* Moulinette-2.0 */;
			productType = "com.apple.product-type.tool";
		};
/* End PBXNativeTarget section */

/* Begin PBXProject section */
		20C40C4C1ED8D47C00695CA7 /* Project object */ = {
			isa = PBXProject;
			attributes = {
				LastSwiftUpdateCheck = 0820;
				LastUpgradeCheck = 0820;
				ORGANIZATIONNAME = "Prolific Interactive";
				TargetAttributes = {
					2053EE871EF4862B00AAE36D = {
						CreatedOnToolsVersion = 8.2.1;
						DevelopmentTeam = 5ZZ7W4SB26;
						LastSwiftMigration = 0820;
						ProvisioningStyle = Automatic;
					};
					20C40C531ED8D47C00695CA7 = {
						CreatedOnToolsVersion = 8.2.1;
						DevelopmentTeam = 5ZZ7W4SB26;
						ProvisioningStyle = Automatic;
					};
				};
			};
			buildConfigurationList = 20C40C4F1ED8D47C00695CA7 /* Build configuration list for PBXProject "Moulinette-2.0" */;
			compatibilityVersion = "Xcode 3.2";
			developmentRegion = English;
			hasScannedForEncodings = 0;
			knownRegions = (
				en,
			);
			mainGroup = 20C40C4B1ED8D47C00695CA7;
			productRefGroup = 20C40C551ED8D47C00695CA7 /* Products */;
			projectDirPath = "";
			projectRoot = "";
			targets = (
				20C40C531ED8D47C00695CA7 /* Moulinette-2.0 */,
				2053EE871EF4862B00AAE36D /* Moulinette-2.0-Tests */,
			);
		};
/* End PBXProject section */

/* Begin PBXResourcesBuildPhase section */
		2053EE861EF4862B00AAE36D /* Resources */ = {
			isa = PBXResourcesBuildPhase;
			buildActionMask = 2147483647;
			files = (
			);
			runOnlyForDeploymentPostprocessing = 0;
		};
/* End PBXResourcesBuildPhase section */

/* Begin PBXSourcesBuildPhase section */
		2053EE841EF4862B00AAE36D /* Sources */ = {
			isa = PBXSourcesBuildPhase;
			buildActionMask = 2147483647;
			files = (
				2053EEB91EF4921B00AAE36D /* main.swift in Sources */,
				2053EEBA1EF4921B00AAE36D /* ProjectSettings.swift in Sources */,
				2053EEBB1EF4921B00AAE36D /* ProjectData.swift in Sources */,
				2053EEBC1EF4921B00AAE36D /* ProjectParser.swift in Sources */,
				2053EEBD1EF4921B00AAE36D /* Constants.swift in Sources */,
				2053EEBE1EF4921B00AAE36D /* PIOSAudit.swift in Sources */,
				2053EEBF1EF4921B00AAE36D /* AppDelegateSwiftRule.swift in Sources */,
				2053EEC01EF4921B00AAE36D /* RequiredSelfSwiftRule.swift in Sources */,
				2053EEC11EF4921B00AAE36D /* SemiColonSwiftRule.swift in Sources */,
				2053EEC21EF4921B00AAE36D /* FinalClassesSwiftRule.swift in Sources */,
				2053EEC31EF4921B00AAE36D /* WeakIBOutletSwiftRule.swift in Sources */,
				2053EEC41EF4921B00AAE36D /* SinglePublicInternalSwiftRule.swift in Sources */,
				2053EEC51EF4921B00AAE36D /* ForceUnwrapSwiftRule.swift in Sources */,
				2053EEC61EF4921B00AAE36D /* MarkUsageSwiftRule.swift in Sources */,
				2053EEC71EF4921B00AAE36D /* SingleEnumCaseSwiftRule.swift in Sources */,
				2053EEC81EF4921B00AAE36D /* InternalModifierSwiftRule.swift in Sources */,
				2053EEC91EF4921B00AAE36D /* TypeInferenceSwiftRule.swift in Sources */,
				2053EECA1EF4921B00AAE36D /* FontEncapsulationSwiftRule.swift in Sources */,
				2053EECB1EF4921B00AAE36D /* ColorEncapsulationSwiftRule.swift in Sources */,
				2053EECC1EF4921B00AAE36D /* CompletionWeakSwiftRule.swift in Sources */,
				2053EECD1EF4921B00AAE36D /* ContextCheck.swift in Sources */,
				2053EECE1EF4921B00AAE36D /* BracketContextCheck.swift in Sources */,
				2053EECF1EF4921B00AAE36D /* SwiftRule.swift in Sources */,
				2053EED01EF4921B00AAE36D /* Audit.swift in Sources */,
				2053EED11EF4921B00AAE36D /* Check.swift in Sources */,
				2053EED21EF4921B00AAE36D /* SwiftData.swift in Sources */,
				2053EED31EF4921B00AAE36D /* AuditGrader.swift in Sources */,
				2053EED41EF4921B00AAE36D /* GradeType.swift in Sources */,
				2053EED51EF4921B00AAE36D /* CodeRuleType.swift in Sources */,
				2053EED61EF4921B00AAE36D /* LineContext.swift in Sources */,
				2053EED71EF4921B00AAE36D /* FileType.swift in Sources */,
				2053EED81EF4921B00AAE36D /* RulePriority.swift in Sources */,
				2053EED91EF4921B00AAE36D /* StringExtension.swift in Sources */,
				2053EEDA1EF4921B00AAE36D /* NetworkRequester.swift in Sources */,
				2053EEDB1EF4921B00AAE36D /* APIEnvironment.swift in Sources */,
				2053EEDC1EF4921B00AAE36D /* Endpoints.swift in Sources */,
				2053EEDD1EF4921B00AAE36D /* AuditScore.swift in Sources */,
				2053EE9A1EF4882C00AAE36D /* AppDelegateSwiftRule_Clean.swift in Sources */,
				2053EE921EF4871900AAE36D /* AppDelegateSwiftRuleTests.swift in Sources */,
				2053EE9D1EF4884C00AAE36D /* AppDelegateSwiftRule_Long.swift in Sources */,
			);
			runOnlyForDeploymentPostprocessing = 0;
		};
		20C40C501ED8D47C00695CA7 /* Sources */ = {
			isa = PBXSourcesBuildPhase;
			buildActionMask = 2147483647;
			files = (
				206837A61EDE1E35008CB7F3 /* ProjectParser.swift in Sources */,
				20E414061EDF7F480000E447 /* BracketContextCheck.swift in Sources */,
				208173511EEB27F90077106A /* Endpoints.swift in Sources */,
				20E4140F1EDF7FAA0000E447 /* Check.swift in Sources */,
				206837AC1EDE22C3008CB7F3 /* SwiftRule.swift in Sources */,
				20E414111EDF7FBD0000E447 /* RequiredSelfSwiftRule.swift in Sources */,
				20E414041EDF7F370000E447 /* ContextCheck.swift in Sources */,
				206837B11EDE2305008CB7F3 /* AppDelegateSwiftRule.swift in Sources */,
				20161D121EE0BE0400997AF6 /* TypeInferenceSwiftRule.swift in Sources */,
				20161D061EE09C8F00997AF6 /* FileType.swift in Sources */,
				20161D0C1EE0B28A00997AF6 /* MarkUsageSwiftRule.swift in Sources */,
				209696C21EE9F4270035C7AE /* RulePriority.swift in Sources */,
				20E413FF1EDF41660000E447 /* Audit.swift in Sources */,
				20161CFB1EE095D500997AF6 /* WeakIBOutletSwiftRule.swift in Sources */,
				20C40C581ED8D47C00695CA7 /* main.swift in Sources */,
				208173541EEB28E60077106A /* AuditScore.swift in Sources */,
				206837B41EDF0250008CB7F3 /* PIOSAudit.swift in Sources */,
				20161D101EE0B99B00997AF6 /* InternalModifierSwiftRule.swift in Sources */,
				20E414011EDF41900000E447 /* CodeRuleType.swift in Sources */,
				20161D0E1EE0B53A00997AF6 /* SingleEnumCaseSwiftRule.swift in Sources */,
				20E4140D1EDF7F9B0000E447 /* LineContext.swift in Sources */,
				206837AF1EDE22E8008CB7F3 /* GradeType.swift in Sources */,
				206837A41EDE1D5D008CB7F3 /* ProjectData.swift in Sources */,
				20E414131EDF8C500000E447 /* SemiColonSwiftRule.swift in Sources */,
				2053EEA11EF48AA300AAE36D /* AuditGrader.swift in Sources */,
				209696C01EE9E52B0035C7AE /* CompletionWeakSwiftRule.swift in Sources */,
				2053EE9F1EF489E400AAE36D /* SwiftData.swift in Sources */,
				20E4140B1EDF7F8B0000E447 /* StringExtension.swift in Sources */,
				20161D141EE0C31000997AF6 /* FontEncapsulationSwiftRule.swift in Sources */,
				20161D0A1EE0A04700997AF6 /* ForceUnwrapSwiftRule.swift in Sources */,
				20161D081EE09EAE00997AF6 /* ProjectSettings.swift in Sources */,
				2081734D1EEB25510077106A /* NetworkRequester.swift in Sources */,
				20161CFD1EE097AF00997AF6 /* SinglePublicInternalSwiftRule.swift in Sources */,
				2081734F1EEB27ED0077106A /* APIEnvironment.swift in Sources */,
				206837A81EDE20E5008CB7F3 /* Constants.swift in Sources */,
				207F1DE31EE06BC200284498 /* FinalClassesSwiftRule.swift in Sources */,
				20161D161EE0C56000997AF6 /* ColorEncapsulationSwiftRule.swift in Sources */,
			);
			runOnlyForDeploymentPostprocessing = 0;
		};
/* End PBXSourcesBuildPhase section */

/* Begin PBXTargetDependency section */
		2053EEA51EF48FBC00AAE36D /* PBXTargetDependency */ = {
			isa = PBXTargetDependency;
			target = 20C40C531ED8D47C00695CA7 /* Moulinette-2.0 */;
			targetProxy = 2053EEA41EF48FBC00AAE36D /* PBXContainerItemProxy */;
		};
/* End PBXTargetDependency section */

/* Begin XCBuildConfiguration section */
		2053EE8D1EF4862B00AAE36D /* Debug */ = {
			isa = XCBuildConfiguration;
			buildSettings = {
				CLANG_ENABLE_MODULES = YES;
				COMBINE_HIDPI_IMAGES = YES;
				DEVELOPMENT_TEAM = 5ZZ7W4SB26;
				INFOPLIST_FILE = "Moulinette-2.0-Tests/Info.plist";
				LD_RUNPATH_SEARCH_PATHS = "$(inherited) @executable_path/../Frameworks @loader_path/../Frameworks";
				PRODUCT_BUNDLE_IDENTIFIER = "com.prolificinteractive.Moulinette-2-0-Tests";
				PRODUCT_NAME = "$(TARGET_NAME)";
				SWIFT_ACTIVE_COMPILATION_CONDITIONS = DEBUG;
				SWIFT_OPTIMIZATION_LEVEL = "-Onone";
				SWIFT_VERSION = 3.0;
			};
			name = Debug;
		};
		2053EE8E1EF4862B00AAE36D /* Release */ = {
			isa = XCBuildConfiguration;
			buildSettings = {
				CLANG_ENABLE_MODULES = YES;
				COMBINE_HIDPI_IMAGES = YES;
				DEVELOPMENT_TEAM = 5ZZ7W4SB26;
				INFOPLIST_FILE = "Moulinette-2.0-Tests/Info.plist";
				LD_RUNPATH_SEARCH_PATHS = "$(inherited) @executable_path/../Frameworks @loader_path/../Frameworks";
				PRODUCT_BUNDLE_IDENTIFIER = "com.prolificinteractive.Moulinette-2-0-Tests";
				PRODUCT_NAME = "$(TARGET_NAME)";
				SWIFT_OPTIMIZATION_LEVEL = "-Owholemodule";
				SWIFT_VERSION = 3.0;
			};
			name = Release;
		};
		20C40C591ED8D47C00695CA7 /* Debug */ = {
			isa = XCBuildConfiguration;
			buildSettings = {
				ALWAYS_SEARCH_USER_PATHS = NO;
				CLANG_ANALYZER_NONNULL = YES;
				CLANG_CXX_LANGUAGE_STANDARD = "gnu++0x";
				CLANG_CXX_LIBRARY = "libc++";
				CLANG_ENABLE_MODULES = YES;
				CLANG_ENABLE_OBJC_ARC = YES;
				CLANG_WARN_BOOL_CONVERSION = YES;
				CLANG_WARN_CONSTANT_CONVERSION = YES;
				CLANG_WARN_DIRECT_OBJC_ISA_USAGE = YES_ERROR;
				CLANG_WARN_DOCUMENTATION_COMMENTS = YES;
				CLANG_WARN_EMPTY_BODY = YES;
				CLANG_WARN_ENUM_CONVERSION = YES;
				CLANG_WARN_INFINITE_RECURSION = YES;
				CLANG_WARN_INT_CONVERSION = YES;
				CLANG_WARN_OBJC_ROOT_CLASS = YES_ERROR;
				CLANG_WARN_SUSPICIOUS_MOVE = YES;
				CLANG_WARN_UNREACHABLE_CODE = YES;
				CLANG_WARN__DUPLICATE_METHOD_MATCH = YES;
				CODE_SIGN_IDENTITY = "-";
				COPY_PHASE_STRIP = NO;
				DEBUG_INFORMATION_FORMAT = dwarf;
				ENABLE_STRICT_OBJC_MSGSEND = YES;
				ENABLE_TESTABILITY = YES;
				GCC_C_LANGUAGE_STANDARD = gnu99;
				GCC_DYNAMIC_NO_PIC = NO;
				GCC_NO_COMMON_BLOCKS = YES;
				GCC_OPTIMIZATION_LEVEL = 0;
				GCC_PREPROCESSOR_DEFINITIONS = (
					"DEBUG=1",
					"$(inherited)",
				);
				GCC_WARN_64_TO_32_BIT_CONVERSION = YES;
				GCC_WARN_ABOUT_RETURN_TYPE = YES_ERROR;
				GCC_WARN_UNDECLARED_SELECTOR = YES;
				GCC_WARN_UNINITIALIZED_AUTOS = YES_AGGRESSIVE;
				GCC_WARN_UNUSED_FUNCTION = YES;
				GCC_WARN_UNUSED_VARIABLE = YES;
				MACOSX_DEPLOYMENT_TARGET = 10.12;
				MTL_ENABLE_DEBUG_INFO = YES;
				ONLY_ACTIVE_ARCH = YES;
				SDKROOT = macosx;
				SWIFT_OPTIMIZATION_LEVEL = "-Onone";
			};
			name = Debug;
		};
		20C40C5A1ED8D47C00695CA7 /* Release */ = {
			isa = XCBuildConfiguration;
			buildSettings = {
				ALWAYS_SEARCH_USER_PATHS = NO;
				CLANG_ANALYZER_NONNULL = YES;
				CLANG_CXX_LANGUAGE_STANDARD = "gnu++0x";
				CLANG_CXX_LIBRARY = "libc++";
				CLANG_ENABLE_MODULES = YES;
				CLANG_ENABLE_OBJC_ARC = YES;
				CLANG_WARN_BOOL_CONVERSION = YES;
				CLANG_WARN_CONSTANT_CONVERSION = YES;
				CLANG_WARN_DIRECT_OBJC_ISA_USAGE = YES_ERROR;
				CLANG_WARN_DOCUMENTATION_COMMENTS = YES;
				CLANG_WARN_EMPTY_BODY = YES;
				CLANG_WARN_ENUM_CONVERSION = YES;
				CLANG_WARN_INFINITE_RECURSION = YES;
				CLANG_WARN_INT_CONVERSION = YES;
				CLANG_WARN_OBJC_ROOT_CLASS = YES_ERROR;
				CLANG_WARN_SUSPICIOUS_MOVE = YES;
				CLANG_WARN_UNREACHABLE_CODE = YES;
				CLANG_WARN__DUPLICATE_METHOD_MATCH = YES;
				CODE_SIGN_IDENTITY = "-";
				COPY_PHASE_STRIP = NO;
				DEBUG_INFORMATION_FORMAT = "dwarf-with-dsym";
				ENABLE_NS_ASSERTIONS = NO;
				ENABLE_STRICT_OBJC_MSGSEND = YES;
				GCC_C_LANGUAGE_STANDARD = gnu99;
				GCC_NO_COMMON_BLOCKS = YES;
				GCC_WARN_64_TO_32_BIT_CONVERSION = YES;
				GCC_WARN_ABOUT_RETURN_TYPE = YES_ERROR;
				GCC_WARN_UNDECLARED_SELECTOR = YES;
				GCC_WARN_UNINITIALIZED_AUTOS = YES_AGGRESSIVE;
				GCC_WARN_UNUSED_FUNCTION = YES;
				GCC_WARN_UNUSED_VARIABLE = YES;
				MACOSX_DEPLOYMENT_TARGET = 10.12;
				MTL_ENABLE_DEBUG_INFO = NO;
				SDKROOT = macosx;
			};
			name = Release;
		};
		20C40C5C1ED8D47C00695CA7 /* Debug */ = {
			isa = XCBuildConfiguration;
			buildSettings = {
				DEVELOPMENT_TEAM = 5ZZ7W4SB26;
				GCC_SYMBOLS_PRIVATE_EXTERN = NO;
				PRODUCT_NAME = "$(TARGET_NAME)";
				SWIFT_VERSION = 3.0;
			};
			name = Debug;
		};
		20C40C5D1ED8D47C00695CA7 /* Release */ = {
			isa = XCBuildConfiguration;
			buildSettings = {
				DEVELOPMENT_TEAM = 5ZZ7W4SB26;
				GCC_SYMBOLS_PRIVATE_EXTERN = NO;
				PRODUCT_NAME = "$(TARGET_NAME)";
				SWIFT_VERSION = 3.0;
			};
			name = Release;
		};
/* End XCBuildConfiguration section */

/* Begin XCConfigurationList section */
		2053EE8F1EF4862B00AAE36D /* Build configuration list for PBXNativeTarget "Moulinette-2.0-Tests" */ = {
			isa = XCConfigurationList;
			buildConfigurations = (
				2053EE8D1EF4862B00AAE36D /* Debug */,
				2053EE8E1EF4862B00AAE36D /* Release */,
			);
			defaultConfigurationIsVisible = 0;
		};
		20C40C4F1ED8D47C00695CA7 /* Build configuration list for PBXProject "Moulinette-2.0" */ = {
			isa = XCConfigurationList;
			buildConfigurations = (
				20C40C591ED8D47C00695CA7 /* Debug */,
				20C40C5A1ED8D47C00695CA7 /* Release */,
			);
			defaultConfigurationIsVisible = 0;
			defaultConfigurationName = Release;
		};
		20C40C5B1ED8D47C00695CA7 /* Build configuration list for PBXNativeTarget "Moulinette-2.0" */ = {
			isa = XCConfigurationList;
			buildConfigurations = (
				20C40C5C1ED8D47C00695CA7 /* Debug */,
				20C40C5D1ED8D47C00695CA7 /* Release */,
			);
			defaultConfigurationIsVisible = 0;
			defaultConfigurationName = Release;
		};
/* End XCConfigurationList section */
	};
	rootObject = 20C40C4C1ED8D47C00695CA7 /* Project object */;
}
