// !$*UTF8*$!
{
	archiveVersion = 1;
	classes = {
	};
	objectVersion = 46;
	objects = {

/* Begin PBXBuildFile section */
		4CE5FFF11F682AF80002CED7 /* main.swift in Sources */ = {isa = PBXBuildFile; fileRef = 4CE5FFF01F682AF80002CED7 /* main.swift */; };
		4CE5FFF91F682B4F0002CED7 /* Project.swift in Sources */ = {isa = PBXBuildFile; fileRef = 4CE5FFF81F682B4F0002CED7 /* Project.swift */; };
		4CE5FFFB1F682D330002CED7 /* Script.swift in Sources */ = {isa = PBXBuildFile; fileRef = 4CE5FFFA1F682D330002CED7 /* Script.swift */; };
		4CE5FFFD1F682D6C0002CED7 /* Moulinette.swift in Sources */ = {isa = PBXBuildFile; fileRef = 4CE5FFFC1F682D6C0002CED7 /* Moulinette.swift */; };
/* End PBXBuildFile section */

/* Begin PBXCopyFilesBuildPhase section */
		4CE5FFEB1F682AF80002CED7 /* CopyFiles */ = {
			isa = PBXCopyFilesBuildPhase;
			buildActionMask = 2147483647;
			dstPath = /usr/share/man/man1/;
			dstSubfolderSpec = 0;
			files = (
			);
			runOnlyForDeploymentPostprocessing = 1;
		};
/* End PBXCopyFilesBuildPhase section */

/* Begin PBXFileReference section */
		4CE5FFED1F682AF80002CED7 /* Coffee */ = {isa = PBXFileReference; explicitFileType = "compiled.mach-o.executable"; includeInIndex = 0; path = Coffee; sourceTree = BUILT_PRODUCTS_DIR; };
		4CE5FFF01F682AF80002CED7 /* main.swift */ = {isa = PBXFileReference; lastKnownFileType = sourcecode.swift; path = main.swift; sourceTree = "<group>"; };
		4CE5FFF81F682B4F0002CED7 /* Project.swift */ = {isa = PBXFileReference; fileEncoding = 4; lastKnownFileType = sourcecode.swift; name = Project.swift; path = Core/Project.swift; sourceTree = "<group>"; };
		4CE5FFFA1F682D330002CED7 /* Script.swift */ = {isa = PBXFileReference; fileEncoding = 4; lastKnownFileType = sourcecode.swift; name = Script.swift; path = Core/Script.swift; sourceTree = "<group>"; };
		4CE5FFFC1F682D6C0002CED7 /* Moulinette.swift */ = {isa = PBXFileReference; fileEncoding = 4; lastKnownFileType = sourcecode.swift; name = Moulinette.swift; path = Core/Moulinette.swift; sourceTree = "<group>"; };
/* End PBXFileReference section */

/* Begin PBXFrameworksBuildPhase section */
		4CE5FFEA1F682AF80002CED7 /* Frameworks */ = {
			isa = PBXFrameworksBuildPhase;
			buildActionMask = 2147483647;
			files = (
			);
			runOnlyForDeploymentPostprocessing = 0;
		};
/* End PBXFrameworksBuildPhase section */

/* Begin PBXGroup section */
		4CE5FFE41F682AF80002CED7 = {
			isa = PBXGroup;
			children = (
				4CE5FFEF1F682AF80002CED7 /* Coffee */,
				4CE5FFEE1F682AF80002CED7 /* Products */,
			);
			sourceTree = "<group>";
		};
		4CE5FFEE1F682AF80002CED7 /* Products */ = {
			isa = PBXGroup;
			children = (
				4CE5FFED1F682AF80002CED7 /* Coffee */,
			);
			name = Products;
			sourceTree = "<group>";
		};
		4CE5FFEF1F682AF80002CED7 /* Coffee */ = {
			isa = PBXGroup;
			children = (
				4CE5FFF71F682B350002CED7 /* Core */,
				4CE5FFF01F682AF80002CED7 /* main.swift */,
			);
			path = Coffee;
			sourceTree = "<group>";
		};
		4CE5FFF71F682B350002CED7 /* Core */ = {
			isa = PBXGroup;
			children = (
				4CE5FFF81F682B4F0002CED7 /* Project.swift */,
				4CE5FFFA1F682D330002CED7 /* Script.swift */,
				4CE5FFFC1F682D6C0002CED7 /* Moulinette.swift */,
			);
			name = Core;
			sourceTree = "<group>";
		};
/* End PBXGroup section */

/* Begin PBXNativeTarget section */
		4CE5FFEC1F682AF80002CED7 /* Coffee */ = {
			isa = PBXNativeTarget;
			buildConfigurationList = 4CE5FFF41F682AF80002CED7 /* Build configuration list for PBXNativeTarget "Coffee" */;
			buildPhases = (
				4CE5FFE91F682AF80002CED7 /* Sources */,
				4CE5FFEA1F682AF80002CED7 /* Frameworks */,
				4CE5FFEB1F682AF80002CED7 /* CopyFiles */,
			);
			buildRules = (
			);
			dependencies = (
			);
			name = Coffee;
			productName = Coffee;
			productReference = 4CE5FFED1F682AF80002CED7 /* Coffee */;
			productType = "com.apple.product-type.tool";
		};
/* End PBXNativeTarget section */

/* Begin PBXProject section */
		4CE5FFE51F682AF80002CED7 /* Project object */ = {
			isa = PBXProject;
			attributes = {
				LastSwiftUpdateCheck = 0830;
				LastUpgradeCheck = 0830;
				ORGANIZATIONNAME = "Morgan Collino";
				TargetAttributes = {
					4CE5FFEC1F682AF80002CED7 = {
						CreatedOnToolsVersion = 8.3.3;
						DevelopmentTeam = FT4NWQ256Y;
						ProvisioningStyle = Automatic;
					};
				};
			};
			buildConfigurationList = 4CE5FFE81F682AF80002CED7 /* Build configuration list for PBXProject "Coffee" */;
			compatibilityVersion = "Xcode 3.2";
			developmentRegion = English;
			hasScannedForEncodings = 0;
			knownRegions = (
				en,
			);
			mainGroup = 4CE5FFE41F682AF80002CED7;
			productRefGroup = 4CE5FFEE1F682AF80002CED7 /* Products */;
			projectDirPath = "";
			projectRoot = "";
			targets = (
				4CE5FFEC1F682AF80002CED7 /* Coffee */,
			);
		};
/* End PBXProject section */

/* Begin PBXSourcesBuildPhase section */
		4CE5FFE91F682AF80002CED7 /* Sources */ = {
			isa = PBXSourcesBuildPhase;
			buildActionMask = 2147483647;
			files = (
				4CE5FFF11F682AF80002CED7 /* main.swift in Sources */,
				4CE5FFFD1F682D6C0002CED7 /* Moulinette.swift in Sources */,
				4CE5FFFB1F682D330002CED7 /* Script.swift in Sources */,
				4CE5FFF91F682B4F0002CED7 /* Project.swift in Sources */,
			);
			runOnlyForDeploymentPostprocessing = 0;
		};
/* End PBXSourcesBuildPhase section */

/* Begin XCBuildConfiguration section */
		4CE5FFF21F682AF80002CED7 /* Debug */ = {
			isa = XCBuildConfiguration;
			buildSettings = {
				ALWAYS_SEARCH_USER_PATHS = NO;
				CLANG_ANALYZER_NONNULL = YES;
				CLANG_ANALYZER_NUMBER_OBJECT_CONVERSION = YES_AGGRESSIVE;
				CLANG_CXX_LANGUAGE_STANDARD = "gnu++0x";
				CLANG_CXX_LIBRARY = "libc++";
				CLANG_ENABLE_MODULES = YES;
				CLANG_ENABLE_OBJC_ARC = YES;
				CLANG_WARN_BOOL_CONVERSION = YES;
				CLANG_WARN_CONSTANT_CONVERSION = YES;
				CLANG_WARN_DIRECT_OBJC_ISA_USAGE = YES_ERROR;
				CLANG_WARN_DOCUMENTATION_COMMENTS = YES;
				CLANG_WARN_EMPTY_BODY = YES;
				CLANG_WARN_ENUM_CONVERSION = YES;
				CLANG_WARN_INFINITE_RECURSION = YES;
				CLANG_WARN_INT_CONVERSION = YES;
				CLANG_WARN_OBJC_ROOT_CLASS = YES_ERROR;
				CLANG_WARN_SUSPICIOUS_MOVE = YES;
				CLANG_WARN_UNREACHABLE_CODE = YES;
				CLANG_WARN__DUPLICATE_METHOD_MATCH = YES;
				CODE_SIGN_IDENTITY = "-";
				COPY_PHASE_STRIP = NO;
				DEBUG_INFORMATION_FORMAT = dwarf;
				ENABLE_STRICT_OBJC_MSGSEND = YES;
				ENABLE_TESTABILITY = YES;
				GCC_C_LANGUAGE_STANDARD = gnu99;
				GCC_DYNAMIC_NO_PIC = NO;
				GCC_NO_COMMON_BLOCKS = YES;
				GCC_OPTIMIZATION_LEVEL = 0;
				GCC_PREPROCESSOR_DEFINITIONS = (
					"DEBUG=1",
					"$(inherited)",
				);
				GCC_WARN_64_TO_32_BIT_CONVERSION = YES;
				GCC_WARN_ABOUT_RETURN_TYPE = YES_ERROR;
				GCC_WARN_UNDECLARED_SELECTOR = YES;
				GCC_WARN_UNINITIALIZED_AUTOS = YES_AGGRESSIVE;
				GCC_WARN_UNUSED_FUNCTION = YES;
				GCC_WARN_UNUSED_VARIABLE = YES;
				MACOSX_DEPLOYMENT_TARGET = 10.12;
				MTL_ENABLE_DEBUG_INFO = YES;
				ONLY_ACTIVE_ARCH = YES;
				SDKROOT = macosx;
				SWIFT_OPTIMIZATION_LEVEL = "-Onone";
			};
			name = Debug;
		};
		4CE5FFF31F682AF80002CED7 /* Release */ = {
			isa = XCBuildConfiguration;
			buildSettings = {
				ALWAYS_SEARCH_USER_PATHS = NO;
				CLANG_ANALYZER_NONNULL = YES;
				CLANG_ANALYZER_NUMBER_OBJECT_CONVERSION = YES_AGGRESSIVE;
				CLANG_CXX_LANGUAGE_STANDARD = "gnu++0x";
				CLANG_CXX_LIBRARY = "libc++";
				CLANG_ENABLE_MODULES = YES;
				CLANG_ENABLE_OBJC_ARC = YES;
				CLANG_WARN_BOOL_CONVERSION = YES;
				CLANG_WARN_CONSTANT_CONVERSION = YES;
				CLANG_WARN_DIRECT_OBJC_ISA_USAGE = YES_ERROR;
				CLANG_WARN_DOCUMENTATION_COMMENTS = YES;
				CLANG_WARN_EMPTY_BODY = YES;
				CLANG_WARN_ENUM_CONVERSION = YES;
				CLANG_WARN_INFINITE_RECURSION = YES;
				CLANG_WARN_INT_CONVERSION = YES;
				CLANG_WARN_OBJC_ROOT_CLASS = YES_ERROR;
				CLANG_WARN_SUSPICIOUS_MOVE = YES;
				CLANG_WARN_UNREACHABLE_CODE = YES;
				CLANG_WARN__DUPLICATE_METHOD_MATCH = YES;
				CODE_SIGN_IDENTITY = "-";
				COPY_PHASE_STRIP = NO;
				DEBUG_INFORMATION_FORMAT = "dwarf-with-dsym";
				ENABLE_NS_ASSERTIONS = NO;
				ENABLE_STRICT_OBJC_MSGSEND = YES;
				GCC_C_LANGUAGE_STANDARD = gnu99;
				GCC_NO_COMMON_BLOCKS = YES;
				GCC_WARN_64_TO_32_BIT_CONVERSION = YES;
				GCC_WARN_ABOUT_RETURN_TYPE = YES_ERROR;
				GCC_WARN_UNDECLARED_SELECTOR = YES;
				GCC_WARN_UNINITIALIZED_AUTOS = YES_AGGRESSIVE;
				GCC_WARN_UNUSED_FUNCTION = YES;
				GCC_WARN_UNUSED_VARIABLE = YES;
				MACOSX_DEPLOYMENT_TARGET = 10.12;
				MTL_ENABLE_DEBUG_INFO = NO;
				SDKROOT = macosx;
			};
			name = Release;
		};
		4CE5FFF51F682AF80002CED7 /* Debug */ = {
			isa = XCBuildConfiguration;
			buildSettings = {
				CODE_SIGN_IDENTITY = "Mac Developer";
				DEVELOPMENT_TEAM = FT4NWQ256Y;
				PRODUCT_NAME = "$(TARGET_NAME)";
				PROVISIONING_PROFILE_SPECIFIER = "";
				SWIFT_VERSION = 3.0;
			};
			name = Debug;
		};
		4CE5FFF61F682AF80002CED7 /* Release */ = {
			isa = XCBuildConfiguration;
			buildSettings = {
				CODE_SIGN_IDENTITY = "Mac Developer";
				DEVELOPMENT_TEAM = FT4NWQ256Y;
				PRODUCT_NAME = "$(TARGET_NAME)";
				PROVISIONING_PROFILE_SPECIFIER = "";
				SWIFT_VERSION = 3.0;
			};
			name = Release;
		};
/* End XCBuildConfiguration section */

/* Begin XCConfigurationList section */
		4CE5FFE81F682AF80002CED7 /* Build configuration list for PBXProject "Coffee" */ = {
			isa = XCConfigurationList;
			buildConfigurations = (
				4CE5FFF21F682AF80002CED7 /* Debug */,
				4CE5FFF31F682AF80002CED7 /* Release */,
			);
			defaultConfigurationIsVisible = 0;
			defaultConfigurationName = Release;
		};
		4CE5FFF41F682AF80002CED7 /* Build configuration list for PBXNativeTarget "Coffee" */ = {
			isa = XCConfigurationList;
			buildConfigurations = (
				4CE5FFF51F682AF80002CED7 /* Debug */,
				4CE5FFF61F682AF80002CED7 /* Release */,
			);
			defaultConfigurationIsVisible = 0;
			defaultConfigurationName = Release;
		};
/* End XCConfigurationList section */
	};
	rootObject = 4CE5FFE51F682AF80002CED7 /* Project object */;
}
