<?xml version="1.0" encoding="UTF-8"?>
<Scheme
   LastUpgradeVersion = "0930"
   version = "1.3">
   <BuildAction
      parallelizeBuildables = "YES"
      buildImplicitDependencies = "YES">
      <BuildActionEntries>
         <BuildActionEntry
            buildForTesting = "YES"
            buildForRunning = "YES"
            buildForProfiling = "YES"
            buildForArchiving = "YES"
            buildForAnalyzing = "YES">
            <BuildableReference
               BuildableIdentifier = "primary"
               BlueprintIdentifier = "20C40C531ED8D47C00695CA7"
               BuildableName = "Moulinette"
               BlueprintName = "Moulinette"
               ReferencedContainer = "container:Moulinette.xcodeproj">
            </BuildableReference>
         </BuildActionEntry>
      </BuildActionEntries>
   </BuildAction>
   <TestAction
      buildConfiguration = "Debug"
      selectedDebuggerIdentifier = "Xcode.DebuggerFoundation.Debugger.LLDB"
      selectedLauncherIdentifier = "Xcode.DebuggerFoundation.Launcher.LLDB"
      shouldUseLaunchSchemeArgsEnv = "YES">
      <Testables>
         <TestableReference
            skipped = "NO">
            <BuildableReference
               BuildableIdentifier = "primary"
               BlueprintIdentifier = "2053EE871EF4862B00AAE36D"
               BuildableName = "Moulinette-Tests.xctest"
               BlueprintName = "Moulinette-Tests"
               ReferencedContainer = "container:Moulinette.xcodeproj">
            </BuildableReference>
         </TestableReference>
      </Testables>
      <MacroExpansion>
         <BuildableReference
            BuildableIdentifier = "primary"
            BlueprintIdentifier = "20C40C531ED8D47C00695CA7"
            BuildableName = "Moulinette"
            BlueprintName = "Moulinette"
            ReferencedContainer = "container:Moulinette.xcodeproj">
         </BuildableReference>
      </MacroExpansion>
      <AdditionalOptions>
      </AdditionalOptions>
   </TestAction>
   <LaunchAction
      buildConfiguration = "Debug"
      selectedDebuggerIdentifier = "Xcode.DebuggerFoundation.Debugger.LLDB"
      selectedLauncherIdentifier = "Xcode.DebuggerFoundation.Launcher.LLDB"
      launchStyle = "0"
      useCustomWorkingDirectory = "NO"
      ignoresPersistentStateOnLaunch = "NO"
      debugDocumentVersioning = "YES"
      debugServiceExtension = "internal"
      allowLocationSimulation = "YES">
      <BuildableProductRunnable
         runnableDebuggingMode = "0">
         <BuildableReference
            BuildableIdentifier = "primary"
            BlueprintIdentifier = "20C40C531ED8D47C00695CA7"
            BuildableName = "Moulinette"
            BlueprintName = "Moulinette"
            ReferencedContainer = "container:Moulinette.xcodeproj">
         </BuildableReference>
      </BuildableProductRunnable>
      <EnvironmentVariables>
         <EnvironmentVariable
            key = "PROJECT_NAME"
            value = "TheWing"
            isEnabled = "YES">
         </EnvironmentVariable>
         <EnvironmentVariable
            key = "PROJECT_DIR"
            value = "/Users/jonathansamudio/Prolific-Projects/wing-ios"
            isEnabled = "YES">
         </EnvironmentVariable>
         <EnvironmentVariable
            key = "PROJECT_IDENTIFIER"
            value = "com.prolificinteractive.wing"
            isEnabled = "YES">
         </EnvironmentVariable>
         <EnvironmentVariable
            key = "SILENT_MODE"
            value = "true"
            isEnabled = "YES">
         </EnvironmentVariable>
      </EnvironmentVariables>
      <AdditionalOptions>
      </AdditionalOptions>
   </LaunchAction>
   <ProfileAction
      buildConfiguration = "Release"
      shouldUseLaunchSchemeArgsEnv = "YES"
      savedToolIdentifier = ""
      useCustomWorkingDirectory = "NO"
      debugDocumentVersioning = "YES">
      <BuildableProductRunnable
         runnableDebuggingMode = "0">
         <BuildableReference
            BuildableIdentifier = "primary"
            BlueprintIdentifier = "20C40C531ED8D47C00695CA7"
            BuildableName = "Moulinette"
            BlueprintName = "Moulinette"
            ReferencedContainer = "container:Moulinette.xcodeproj">
         </BuildableReference>
      </BuildableProductRunnable>
   </ProfileAction>
   <AnalyzeAction
      buildConfiguration = "Debug">
   </AnalyzeAction>
   <ArchiveAction
      buildConfiguration = "Release"
      revealArchiveInOrganizer = "YES">
   </ArchiveAction>
</Scheme>
